
Microsoft Visual Studio Solution File, Format Version 12.00
# Visual Studio Version 17
VisualStudioVersion = 17.5.33627.172
MinimumVisualStudioVersion = 10.0.40219.1
Project("{9A19103F-16F7-4668-BE54-9A1E7A4F7556}") = "Tydzien2Warunki", "Tydzien2Warunki\Tydzien2Warunki.csproj", "{0827A16D-D7E9-4512-A6D2-966E52918E00}"
EndProject
Project("{9A19103F-16F7-4668-BE54-9A1E7A4F7556}") = "Tydzien2Petle", "Tydzien2Petle\Tydzien2Petle.csproj", "{AAB9DD89-15F6-45EF-A2AE-4856D1A9A1E8}"
EndProject
Project("{9A19103F-16F7-4668-BE54-9A1E7A4F7556}") = "Tydzien2TypyDanych", "Tydzien2TypyDanych\Tydzien2TypyDanych.csproj", "{9188662A-B53C-49D0-B9D1-0E9E494D305B}"
EndProject
Project("{2150E333-8FDC-42A3-9474-1A3956D46DE8}") = "Tydzien2Zadania", "Tydzien2Zadania", "{8CA548A6-025D-41BB-A4F8-A8C7B82CDBC0}"
EndProject
Global
	GlobalSection(SolutionConfigurationPlatforms) = preSolution
		Debug|Any CPU = Debug|Any CPU
		Release|Any CPU = Release|Any CPU
	EndGlobalSection
	GlobalSection(ProjectConfigurationPlatforms) = postSolution
		{0827A16D-D7E9-4512-A6D2-966E52918E00}.Debug|Any CPU.ActiveCfg = Debug|Any CPU
		{0827A16D-D7E9-4512-A6D2-966E52918E00}.Debug|Any CPU.Build.0 = Debug|Any CPU
		{0827A16D-D7E9-4512-A6D2-966E52918E00}.Release|Any CPU.ActiveCfg = Release|Any CPU
		{0827A16D-D7E9-4512-A6D2-966E52918E00}.Release|Any CPU.Build.0 = Release|Any CPU
		{AAB9DD89-15F6-45EF-A2AE-4856D1A9A1E8}.Debug|Any CPU.ActiveCfg = Debug|Any CPU
		{AAB9DD89-15F6-45EF-A2AE-4856D1A9A1E8}.Debug|Any CPU.Build.0 = Debug|Any CPU
		{AAB9DD89-15F6-45EF-A2AE-4856D1A9A1E8}.Release|Any CPU.ActiveCfg = Release|Any CPU
		{AAB9DD89-15F6-45EF-A2AE-4856D1A9A1E8}.Release|Any CPU.Build.0 = Release|Any CPU
		{9188662A-B53C-49D0-B9D1-0E9E494D305B}.Debug|Any CPU.ActiveCfg = Debug|Any CPU
		{9188662A-B53C-49D0-B9D1-0E9E494D305B}.Debug|Any CPU.Build.0 = Debug|Any CPU
		{9188662A-B53C-49D0-B9D1-0E9E494D305B}.Release|Any CPU.ActiveCfg = Release|Any CPU
		{9188662A-B53C-49D0-B9D1-0E9E494D305B}.Release|Any CPU.Build.0 = Release|Any CPU
	EndGlobalSection
	GlobalSection(SolutionProperties) = preSolution
		HideSolutionNode = FALSE
	EndGlobalSection
	GlobalSection(NestedProjects) = preSolution
		{0827A16D-D7E9-4512-A6D2-966E52918E00} = {8CA548A6-025D-41BB-A4F8-A8C7B82CDBC0}
		{AAB9DD89-15F6-45EF-A2AE-4856D1A9A1E8} = {8CA548A6-025D-41BB-A4F8-A8C7B82CDBC0}
		{9188662A-B53C-49D0-B9D1-0E9E494D305B} = {8CA548A6-025D-41BB-A4F8-A8C7B82CDBC0}
	EndGlobalSection
	GlobalSection(ExtensibilityGlobals) = postSolution
		SolutionGuid = {F1D8E527-1054-4584-A775-1109994DF0E6}
	EndGlobalSection
EndGlobal
